
Microsoft Visual Studio Solution File, Format Version 12.00
# Visual Studio Version 17
VisualStudioVersion = 17.0.31903.59
MinimumVisualStudioVersion = 10.0.40219.1
Project("{2150E333-8FDC-42A3-9474-1A3956D46DE8}") = "01 - Testes de unidade", "01 - Testes de unidade", "{AA1F58E5-B51E-44B0-A436-A8FE6E6A7B58}"
EndProject
Project("{FAE04EC0-301F-11D3-BF4B-00C04F79EFBC}") = "Demo", "01 - Testes de unidade\Demo\Demo.csproj", "{88086408-15EF-4ACA-B938-31BBAA52149B}"
EndProject
Project("{FAE04EC0-301F-11D3-BF4B-00C04F79EFBC}") = "Demo.Tests", "01 - Testes de unidade\Demo.Tests\Demo.Tests.csproj", "{485356C7-1487-4168-99C8-5D71806CBC72}"
EndProject
Project("{FAE04EC0-301F-11D3-BF4B-00C04F79EFBC}") = "Features", "01 - Testes de unidade\Features\Features.csproj", "{E896E0D0-7069-4BBC-BBCA-5A328279BE4A}"
EndProject
Project("{FAE04EC0-301F-11D3-BF4B-00C04F79EFBC}") = "Features.Tests", "01 - Testes de unidade\Features.Tests\Features.Tests.csproj", "{BB03C2D4-74DD-436C-A5B7-E948FCB9D310}"
EndProject
Project("{2150E333-8FDC-42A3-9474-1A3956D46DE8}") = "02 - TDD", "02 - TDD", "{13F2E14B-F97D-4F8B-AE63-AE21AD2B4F06}"
EndProject
Project("{2150E333-8FDC-42A3-9474-1A3956D46DE8}") = "tests", "tests", "{53DCA385-E89F-4074-811E-FC468682B4E1}"
EndProject
Project("{FAE04EC0-301F-11D3-BF4B-00C04F79EFBC}") = "NerdStore.Vendas.Domain.Tests", "02 - TDD\tests\NerdStore.Vendas.Domain.Tests\NerdStore.Vendas.Domain.Tests.csproj", "{0F025D96-3344-470C-B146-F3412C7E1A96}"
EndProject
Project("{FAE04EC0-301F-11D3-BF4B-00C04F79EFBC}") = "NerdStore.Vendas.Application.Tests", "02 - TDD\tests\NerdStore.Vendas.Application.Tests\NerdStore.Vendas.Application.Tests.csproj", "{3F0B363D-F4AC-4D0F-A610-8B1221D391B7}"
EndProject
Project("{2150E333-8FDC-42A3-9474-1A3956D46DE8}") = "src", "src", "{C2E56317-ADF7-4C26-BEB1-D3814ECBDC11}"
EndProject
Project("{FAE04EC0-301F-11D3-BF4B-00C04F79EFBC}") = "NerdStore.Core", "02 - TDD\src\NerdStore.Core\NerdStore.Core.csproj", "{CF973ACD-A5A7-4C94-8EDE-8CF0B84DB0E5}"
EndProject
Project("{FAE04EC0-301F-11D3-BF4B-00C04F79EFBC}") = "NerdStore.Vendas.Application", "02 - TDD\src\NerdStore.Vendas.Application\NerdStore.Vendas.Application.csproj", "{A4AC3A13-F49C-436D-AEA7-2B9660608F94}"
EndProject
Project("{FAE04EC0-301F-11D3-BF4B-00C04F79EFBC}") = "NerdStore.Vendas.Domain", "02 - TDD\src\NerdStore.Vendas.Domain\NerdStore.Vendas.Domain.csproj", "{3A19E13C-5CA4-4DE8-8461-BCA4B1C07789}"
EndProject
Project("{FAE04EC0-301F-11D3-BF4B-00C04F79EFBC}") = "NerdStore.Vendas.Infrastructure", "02 - TDD\src\NerdStore.Vendas.Infrastructure\NerdStore.Vendas.Infrastructure.csproj", "{F66E415A-6DC2-4005-939B-F476D311733B}"
EndProject
Project("{2150E333-8FDC-42A3-9474-1A3956D46DE8}") = "03 - Testes de Integracao", "03 - Testes de Integracao", "{E9559177-B9C8-48C8-89B0-D18C3A871F47}"
EndProject
Project("{2150E333-8FDC-42A3-9474-1A3956D46DE8}") = "tests", "tests", "{B3F4D02D-7451-4A58-A003-562061CFCFF1}"
EndProject
Project("{FAE04EC0-301F-11D3-BF4B-00C04F79EFBC}") = "NerdStore.WebApp.Tests", "03 - Testes de Integracao\tests\NerdStore.WebApp.Tests\NerdStore.WebApp.Tests.csproj", "{1C5E44FF-6E3D-43D9-9770-51162B122C3E}"
EndProject
Project("{2150E333-8FDC-42A3-9474-1A3956D46DE8}") = "src", "src", "{5E11A047-980F-418A-9E89-E8D0F52F1BA5}"
EndProject
Project("{FAE04EC0-301F-11D3-BF4B-00C04F79EFBC}") = "NerdStore.Catalogo.Infrastructure", "03 - Testes de Integracao\src\NerdStore.Catalogo.Infrastructure\NerdStore.Catalogo.Infrastructure.csproj", "{139D7E85-7803-4132-87AC-17966DF7D85E}"
EndProject
Project("{FAE04EC0-301F-11D3-BF4B-00C04F79EFBC}") = "NerdStore.Catalogo.Application", "03 - Testes de Integracao\src\NerdStore.Catalogo.Application\NerdStore.Catalogo.Application.csproj", "{34D15003-782A-4A41-889C-073BE8CDB762}"
EndProject
Project("{FAE04EC0-301F-11D3-BF4B-00C04F79EFBC}") = "NerdStore.Catalogo.Domain", "03 - Testes de Integracao\src\NerdStore.Catalogo.Domain\NerdStore.Catalogo.Domain.csproj", "{284791E8-4CA2-4140-BF7B-54F196792ED9}"
EndProject
Project("{FAE04EC0-301F-11D3-BF4B-00C04F79EFBC}") = "NerdStore.WebApp.MVC", "03 - Testes de Integracao\src\NerdStore.WebApp.MVC\NerdStore.WebApp.MVC.csproj", "{836D9717-84A1-47FA-91F4-256FEFEE49E0}"
EndProject
Project("{2150E333-8FDC-42A3-9474-1A3956D46DE8}") = "04 - BDD", "04 - BDD", "{9EB4CDE9-AE7B-4BD5-8BDC-2A4E68302ACB}"
EndProject
Project("{2150E333-8FDC-42A3-9474-1A3956D46DE8}") = "tests", "tests", "{DF730FDE-9702-4394-A197-252B5C903808}"
EndProject
Project("{FAE04EC0-301F-11D3-BF4B-00C04F79EFBC}") = "NerdStore.BDD.Tests", "04 - BDD\tests\NerdStore.BDD.Tests\NerdStore.BDD.Tests.csproj", "{DBB05E7B-EED4-476E-8167-60CDF8267FB2}"
EndProject
Global
	GlobalSection(SolutionConfigurationPlatforms) = preSolution
		Debug|Any CPU = Debug|Any CPU
		Release|Any CPU = Release|Any CPU
	EndGlobalSection
	GlobalSection(SolutionProperties) = preSolution
		HideSolutionNode = FALSE
	EndGlobalSection
	GlobalSection(ProjectConfigurationPlatforms) = postSolution
		{88086408-15EF-4ACA-B938-31BBAA52149B}.Debug|Any CPU.ActiveCfg = Debug|Any CPU
		{88086408-15EF-4ACA-B938-31BBAA52149B}.Debug|Any CPU.Build.0 = Debug|Any CPU
		{88086408-15EF-4ACA-B938-31BBAA52149B}.Release|Any CPU.ActiveCfg = Release|Any CPU
		{88086408-15EF-4ACA-B938-31BBAA52149B}.Release|Any CPU.Build.0 = Release|Any CPU
		{485356C7-1487-4168-99C8-5D71806CBC72}.Debug|Any CPU.ActiveCfg = Debug|Any CPU
		{485356C7-1487-4168-99C8-5D71806CBC72}.Debug|Any CPU.Build.0 = Debug|Any CPU
		{485356C7-1487-4168-99C8-5D71806CBC72}.Release|Any CPU.ActiveCfg = Release|Any CPU
		{485356C7-1487-4168-99C8-5D71806CBC72}.Release|Any CPU.Build.0 = Release|Any CPU
		{E896E0D0-7069-4BBC-BBCA-5A328279BE4A}.Debug|Any CPU.ActiveCfg = Debug|Any CPU
		{E896E0D0-7069-4BBC-BBCA-5A328279BE4A}.Debug|Any CPU.Build.0 = Debug|Any CPU
		{E896E0D0-7069-4BBC-BBCA-5A328279BE4A}.Release|Any CPU.ActiveCfg = Release|Any CPU
		{E896E0D0-7069-4BBC-BBCA-5A328279BE4A}.Release|Any CPU.Build.0 = Release|Any CPU
		{BB03C2D4-74DD-436C-A5B7-E948FCB9D310}.Debug|Any CPU.ActiveCfg = Debug|Any CPU
		{BB03C2D4-74DD-436C-A5B7-E948FCB9D310}.Debug|Any CPU.Build.0 = Debug|Any CPU
		{BB03C2D4-74DD-436C-A5B7-E948FCB9D310}.Release|Any CPU.ActiveCfg = Release|Any CPU
		{BB03C2D4-74DD-436C-A5B7-E948FCB9D310}.Release|Any CPU.Build.0 = Release|Any CPU
		{0F025D96-3344-470C-B146-F3412C7E1A96}.Debug|Any CPU.ActiveCfg = Debug|Any CPU
		{0F025D96-3344-470C-B146-F3412C7E1A96}.Debug|Any CPU.Build.0 = Debug|Any CPU
		{0F025D96-3344-470C-B146-F3412C7E1A96}.Release|Any CPU.ActiveCfg = Release|Any CPU
		{0F025D96-3344-470C-B146-F3412C7E1A96}.Release|Any CPU.Build.0 = Release|Any CPU
		{3F0B363D-F4AC-4D0F-A610-8B1221D391B7}.Debug|Any CPU.ActiveCfg = Debug|Any CPU
		{3F0B363D-F4AC-4D0F-A610-8B1221D391B7}.Debug|Any CPU.Build.0 = Debug|Any CPU
		{3F0B363D-F4AC-4D0F-A610-8B1221D391B7}.Release|Any CPU.ActiveCfg = Release|Any CPU
		{3F0B363D-F4AC-4D0F-A610-8B1221D391B7}.Release|Any CPU.Build.0 = Release|Any CPU
		{CF973ACD-A5A7-4C94-8EDE-8CF0B84DB0E5}.Debug|Any CPU.ActiveCfg = Debug|Any CPU
		{CF973ACD-A5A7-4C94-8EDE-8CF0B84DB0E5}.Debug|Any CPU.Build.0 = Debug|Any CPU
		{CF973ACD-A5A7-4C94-8EDE-8CF0B84DB0E5}.Release|Any CPU.ActiveCfg = Release|Any CPU
		{CF973ACD-A5A7-4C94-8EDE-8CF0B84DB0E5}.Release|Any CPU.Build.0 = Release|Any CPU
		{A4AC3A13-F49C-436D-AEA7-2B9660608F94}.Debug|Any CPU.ActiveCfg = Debug|Any CPU
		{A4AC3A13-F49C-436D-AEA7-2B9660608F94}.Debug|Any CPU.Build.0 = Debug|Any CPU
		{A4AC3A13-F49C-436D-AEA7-2B9660608F94}.Release|Any CPU.ActiveCfg = Release|Any CPU
		{A4AC3A13-F49C-436D-AEA7-2B9660608F94}.Release|Any CPU.Build.0 = Release|Any CPU
		{3A19E13C-5CA4-4DE8-8461-BCA4B1C07789}.Debug|Any CPU.ActiveCfg = Debug|Any CPU
		{3A19E13C-5CA4-4DE8-8461-BCA4B1C07789}.Debug|Any CPU.Build.0 = Debug|Any CPU
		{3A19E13C-5CA4-4DE8-8461-BCA4B1C07789}.Release|Any CPU.ActiveCfg = Release|Any CPU
		{3A19E13C-5CA4-4DE8-8461-BCA4B1C07789}.Release|Any CPU.Build.0 = Release|Any CPU
		{F66E415A-6DC2-4005-939B-F476D311733B}.Debug|Any CPU.ActiveCfg = Debug|Any CPU
		{F66E415A-6DC2-4005-939B-F476D311733B}.Debug|Any CPU.Build.0 = Debug|Any CPU
		{F66E415A-6DC2-4005-939B-F476D311733B}.Release|Any CPU.ActiveCfg = Release|Any CPU
		{F66E415A-6DC2-4005-939B-F476D311733B}.Release|Any CPU.Build.0 = Release|Any CPU
		{1C5E44FF-6E3D-43D9-9770-51162B122C3E}.Debug|Any CPU.ActiveCfg = Debug|Any CPU
		{1C5E44FF-6E3D-43D9-9770-51162B122C3E}.Debug|Any CPU.Build.0 = Debug|Any CPU
		{1C5E44FF-6E3D-43D9-9770-51162B122C3E}.Release|Any CPU.ActiveCfg = Release|Any CPU
		{1C5E44FF-6E3D-43D9-9770-51162B122C3E}.Release|Any CPU.Build.0 = Release|Any CPU
		{139D7E85-7803-4132-87AC-17966DF7D85E}.Debug|Any CPU.ActiveCfg = Debug|Any CPU
		{139D7E85-7803-4132-87AC-17966DF7D85E}.Debug|Any CPU.Build.0 = Debug|Any CPU
		{139D7E85-7803-4132-87AC-17966DF7D85E}.Release|Any CPU.ActiveCfg = Release|Any CPU
		{139D7E85-7803-4132-87AC-17966DF7D85E}.Release|Any CPU.Build.0 = Release|Any CPU
		{34D15003-782A-4A41-889C-073BE8CDB762}.Debug|Any CPU.ActiveCfg = Debug|Any CPU
		{34D15003-782A-4A41-889C-073BE8CDB762}.Debug|Any CPU.Build.0 = Debug|Any CPU
		{34D15003-782A-4A41-889C-073BE8CDB762}.Release|Any CPU.ActiveCfg = Release|Any CPU
		{34D15003-782A-4A41-889C-073BE8CDB762}.Release|Any CPU.Build.0 = Release|Any CPU
		{284791E8-4CA2-4140-BF7B-54F196792ED9}.Debug|Any CPU.ActiveCfg = Debug|Any CPU
		{284791E8-4CA2-4140-BF7B-54F196792ED9}.Debug|Any CPU.Build.0 = Debug|Any CPU
		{284791E8-4CA2-4140-BF7B-54F196792ED9}.Release|Any CPU.ActiveCfg = Release|Any CPU
		{284791E8-4CA2-4140-BF7B-54F196792ED9}.Release|Any CPU.Build.0 = Release|Any CPU
		{836D9717-84A1-47FA-91F4-256FEFEE49E0}.Debug|Any CPU.ActiveCfg = Debug|Any CPU
		{836D9717-84A1-47FA-91F4-256FEFEE49E0}.Debug|Any CPU.Build.0 = Debug|Any CPU
		{836D9717-84A1-47FA-91F4-256FEFEE49E0}.Release|Any CPU.ActiveCfg = Release|Any CPU
		{836D9717-84A1-47FA-91F4-256FEFEE49E0}.Release|Any CPU.Build.0 = Release|Any CPU
		{DBB05E7B-EED4-476E-8167-60CDF8267FB2}.Debug|Any CPU.ActiveCfg = Debug|Any CPU
		{DBB05E7B-EED4-476E-8167-60CDF8267FB2}.Debug|Any CPU.Build.0 = Debug|Any CPU
		{DBB05E7B-EED4-476E-8167-60CDF8267FB2}.Release|Any CPU.ActiveCfg = Release|Any CPU
		{DBB05E7B-EED4-476E-8167-60CDF8267FB2}.Release|Any CPU.Build.0 = Release|Any CPU
	EndGlobalSection
	GlobalSection(NestedProjects) = preSolution
		{88086408-15EF-4ACA-B938-31BBAA52149B} = {AA1F58E5-B51E-44B0-A436-A8FE6E6A7B58}
		{485356C7-1487-4168-99C8-5D71806CBC72} = {AA1F58E5-B51E-44B0-A436-A8FE6E6A7B58}
		{E896E0D0-7069-4BBC-BBCA-5A328279BE4A} = {AA1F58E5-B51E-44B0-A436-A8FE6E6A7B58}
		{BB03C2D4-74DD-436C-A5B7-E948FCB9D310} = {AA1F58E5-B51E-44B0-A436-A8FE6E6A7B58}
		{53DCA385-E89F-4074-811E-FC468682B4E1} = {13F2E14B-F97D-4F8B-AE63-AE21AD2B4F06}
		{0F025D96-3344-470C-B146-F3412C7E1A96} = {53DCA385-E89F-4074-811E-FC468682B4E1}
		{3F0B363D-F4AC-4D0F-A610-8B1221D391B7} = {53DCA385-E89F-4074-811E-FC468682B4E1}
		{C2E56317-ADF7-4C26-BEB1-D3814ECBDC11} = {13F2E14B-F97D-4F8B-AE63-AE21AD2B4F06}
		{CF973ACD-A5A7-4C94-8EDE-8CF0B84DB0E5} = {C2E56317-ADF7-4C26-BEB1-D3814ECBDC11}
		{A4AC3A13-F49C-436D-AEA7-2B9660608F94} = {C2E56317-ADF7-4C26-BEB1-D3814ECBDC11}
		{3A19E13C-5CA4-4DE8-8461-BCA4B1C07789} = {C2E56317-ADF7-4C26-BEB1-D3814ECBDC11}
		{F66E415A-6DC2-4005-939B-F476D311733B} = {C2E56317-ADF7-4C26-BEB1-D3814ECBDC11}
		{B3F4D02D-7451-4A58-A003-562061CFCFF1} = {E9559177-B9C8-48C8-89B0-D18C3A871F47}
		{1C5E44FF-6E3D-43D9-9770-51162B122C3E} = {B3F4D02D-7451-4A58-A003-562061CFCFF1}
		{5E11A047-980F-418A-9E89-E8D0F52F1BA5} = {E9559177-B9C8-48C8-89B0-D18C3A871F47}
		{139D7E85-7803-4132-87AC-17966DF7D85E} = {5E11A047-980F-418A-9E89-E8D0F52F1BA5}
		{34D15003-782A-4A41-889C-073BE8CDB762} = {5E11A047-980F-418A-9E89-E8D0F52F1BA5}
		{284791E8-4CA2-4140-BF7B-54F196792ED9} = {5E11A047-980F-418A-9E89-E8D0F52F1BA5}
		{836D9717-84A1-47FA-91F4-256FEFEE49E0} = {5E11A047-980F-418A-9E89-E8D0F52F1BA5}
		{DF730FDE-9702-4394-A197-252B5C903808} = {9EB4CDE9-AE7B-4BD5-8BDC-2A4E68302ACB}
		{DBB05E7B-EED4-476E-8167-60CDF8267FB2} = {DF730FDE-9702-4394-A197-252B5C903808}
	EndGlobalSection
EndGlobal
